{
	"name": "@stela/archivematica_cleanup",
	"version": "1.0.0",
	"lockfileVersion": 3,
	"requires": true,
	"packages": {
		"": {
			"name": "@stela/archivematica_cleanup",
			"version": "1.0.0",
			"license": "AGPL-3.0",
			"dependencies": {
				"@sentry/node": "^7.57.0",
				"dotenv": "^8.2.0",
				"node-fetch": "^2.6.9"
			},
			"engines": {
				"node": ">=18.0"
			}
		},
		"node_modules/@sentry-internal/tracing": {
			"version": "7.113.0",
			"resolved": "https://registry.npmjs.org/@sentry-internal/tracing/-/tracing-7.113.0.tgz",
			"integrity": "sha512-8MDnYENRMnEfQjvN4gkFYFaaBSiMFSU/6SQZfY9pLI3V105z6JQ4D0PGMAUVowXilwNZVpKNYohE7XByuhEC7Q==",
			"dependencies": {
				"@sentry/core": "7.113.0",
				"@sentry/types": "7.113.0",
				"@sentry/utils": "7.113.0"
			},
			"engines": {
				"node": ">=8"
			}
		},
		"node_modules/@sentry/core": {
			"version": "7.113.0",
			"resolved": "https://registry.npmjs.org/@sentry/core/-/core-7.113.0.tgz",
			"integrity": "sha512-pg75y3C5PG2+ur27A0Re37YTCEnX0liiEU7EOxWDGutH17x3ySwlYqLQmZsFZTSnvzv7t3MGsNZ8nT5O0746YA==",
			"dependencies": {
				"@sentry/types": "7.113.0",
				"@sentry/utils": "7.113.0"
			},
			"engines": {
				"node": ">=8"
			}
		},
		"node_modules/@sentry/integrations": {
			"version": "7.113.0",
			"resolved": "https://registry.npmjs.org/@sentry/integrations/-/integrations-7.113.0.tgz",
			"integrity": "sha512-w0sspGBQ+6+V/9bgCkpuM3CGwTYoQEVeTW6iNebFKbtN7MrM3XsGAM9I2cW1jVxFZROqCBPFtd2cs5n0j14aAg==",
			"dependencies": {
				"@sentry/core": "7.113.0",
				"@sentry/types": "7.113.0",
				"@sentry/utils": "7.113.0",
				"localforage": "^1.8.1"
			},
			"engines": {
				"node": ">=8"
			}
		},
		"node_modules/@sentry/node": {
			"version": "7.113.0",
			"resolved": "https://registry.npmjs.org/@sentry/node/-/node-7.113.0.tgz",
			"integrity": "sha512-Vam4Ia0I9fhVw8GJOzcLP7MiiHJSKl8L9LzLMMLG3+2/dFnDQOyS7sOfk3GqgpwzqPiusP9vFu7CFSX7EMQbTg==",
			"dependencies": {
				"@sentry-internal/tracing": "7.113.0",
				"@sentry/core": "7.113.0",
				"@sentry/integrations": "7.113.0",
				"@sentry/types": "7.113.0",
				"@sentry/utils": "7.113.0"
			},
			"engines": {
				"node": ">=8"
			}
		},
		"node_modules/@sentry/types": {
			"version": "7.113.0",
			"resolved": "https://registry.npmjs.org/@sentry/types/-/types-7.113.0.tgz",
			"integrity": "sha512-PJbTbvkcPu/LuRwwXB1He8m+GjDDLKBtu3lWg5xOZaF5IRdXQU2xwtdXXsjge4PZR00tF7MO7X8ZynTgWbYaew==",
			"engines": {
				"node": ">=8"
			}
		},
		"node_modules/@sentry/utils": {
			"version": "7.113.0",
			"resolved": "https://registry.npmjs.org/@sentry/utils/-/utils-7.113.0.tgz",
			"integrity": "sha512-nzKsErwmze1mmEsbW2AwL2oB+I5v6cDEJY4sdfLekA4qZbYZ8pV5iWza6IRl4XfzGTE1qpkZmEjPU9eyo0yvYw==",
			"dependencies": {
				"@sentry/types": "7.113.0"
			},
			"engines": {
				"node": ">=8"
			}
		},
		"node_modules/dotenv": {
			"version": "8.6.0",
			"resolved": "https://registry.npmjs.org/dotenv/-/dotenv-8.6.0.tgz",
			"integrity": "sha512-IrPdXQsk2BbzvCBGBOTmmSH5SodmqZNt4ERAZDmW4CT+tL8VtvinqywuANaFu4bOMWki16nqf0e4oC0QIaDr/g==",
			"engines": {
				"node": ">=10"
			}
		},
		"node_modules/immediate": {
			"version": "3.0.6",
			"resolved": "https://registry.npmjs.org/immediate/-/immediate-3.0.6.tgz",
			"integrity": "sha512-XXOFtyqDjNDAQxVfYxuF7g9Il/IbWmmlQg2MYKOH8ExIT1qg6xc4zyS3HaEEATgs1btfzxq15ciUiY7gjSXRGQ=="
		},
		"node_modules/lie": {
			"version": "3.1.1",
			"resolved": "https://registry.npmjs.org/lie/-/lie-3.1.1.tgz",
			"integrity": "sha512-RiNhHysUjhrDQntfYSfY4MU24coXXdEOgw9WGcKHNeEwffDYbF//u87M1EWaMGzuFoSbqW0C9C6lEEhDOAswfw==",
			"dependencies": {
				"immediate": "~3.0.5"
			}
		},
		"node_modules/localforage": {
			"version": "1.10.0",
			"resolved": "https://registry.npmjs.org/localforage/-/localforage-1.10.0.tgz",
			"integrity": "sha512-14/H1aX7hzBBmmh7sGPd+AOMkkIrHM3Z1PAyGgZigA1H1p5O5ANnMyWzvpAETtG68/dC4pC0ncy3+PPGzXZHPg==",
			"dependencies": {
				"lie": "3.1.1"
			}
		},
		"node_modules/node-fetch": {
			"version": "2.7.0",
			"resolved": "https://registry.npmjs.org/node-fetch/-/node-fetch-2.7.0.tgz",
			"integrity": "sha512-c4FRfUm/dbcWZ7U+1Wq0AwCyFL+3nt2bEw05wfxSz+DWpWsitgmSgYmy2dQdWyKC1694ELPqMs/YzUSNozLt8A==",
			"dependencies": {
				"whatwg-url": "^5.0.0"
			},
			"engines": {
				"node": "4.x || >=6.0.0"
			},
			"peerDependencies": {
				"encoding": "^0.1.0"
			},
			"peerDependenciesMeta": {
				"encoding": {
					"optional": true
				}
			}
		},
		"node_modules/tr46": {
			"version": "0.0.3",
			"resolved": "https://registry.npmjs.org/tr46/-/tr46-0.0.3.tgz",
			"integrity": "sha512-N3WMsuqV66lT30CrXNbEjx4GEwlow3v6rr4mCcv6prnfwhS01rkgyFdjPNBYd9br7LpXV1+Emh01fHnq2Gdgrw=="
		},
		"node_modules/webidl-conversions": {
			"version": "3.0.1",
			"resolved": "https://registry.npmjs.org/webidl-conversions/-/webidl-conversions-3.0.1.tgz",
			"integrity": "sha512-2JAn3z8AR6rjK8Sm8orRC0h/bcl/DqL7tRPdGZ4I1CjdF+EaMLmYxBHyXuKL849eucPFhvBoxMsflfOb8kxaeQ=="
		},
		"node_modules/whatwg-url": {
			"version": "5.0.0",
			"resolved": "https://registry.npmjs.org/whatwg-url/-/whatwg-url-5.0.0.tgz",
			"integrity": "sha512-saE57nupxk6v3HY35+jzBwYa0rKSy0XR8JSxZPwgLr7ys0IBzhGviA1/TUGJLmSVqs8pb9AnvICXEuOHLprYTw==",
			"dependencies": {
				"tr46": "~0.0.3",
				"webidl-conversions": "^3.0.0"
			}
		}
	}
}
